// !$*UTF8*$!
{
	archiveVersion = 1;
	classes = {
	};
	objectVersion = 50;
	objects = {

/* Begin PBXBuildFile section */
		C36AE707222ACA6A000C701D /* libhts.a in Frameworks */ = {isa = PBXBuildFile; fileRef = C36AE706222ACA6A000C701D /* libhts.a */; };
		C36AE719222AE461000C701D /* Logger.cpp in Sources */ = {isa = PBXBuildFile; fileRef = C36AE714222AE461000C701D /* Logger.cpp */; };
		C36AE71A222AE461000C701D /* main.cpp in Sources */ = {isa = PBXBuildFile; fileRef = C36AE715222AE461000C701D /* main.cpp */; };
		C36AE71B222AE461000C701D /* FastaGenerator.cpp in Sources */ = {isa = PBXBuildFile; fileRef = C36AE716222AE461000C701D /* FastaGenerator.cpp */; };
		C36AE721222AF177000C701D /* Common.cpp in Sources */ = {isa = PBXBuildFile; fileRef = C36AE71F222AF177000C701D /* Common.cpp */; };
		C39F8AE8222C020D00AD0CA2 /* GCCorrection.cpp in Sources */ = {isa = PBXBuildFile; fileRef = C39F8AE7222C020D00AD0CA2 /* GCCorrection.cpp */; };
/* End PBXBuildFile section */

/* Begin PBXCopyFilesBuildPhase section */
		C3FD62FE211CD7760000228F /* Copy Files */ = {
			isa = PBXCopyFilesBuildPhase;
			buildActionMask = 2147483647;
			dstPath = /usr/share/man/man1;
			dstSubfolderSpec = 0;
			files = (
			);
			name = "Copy Files";
			runOnlyForDeploymentPostprocessing = 1;
		};
/* End PBXCopyFilesBuildPhase section */

/* Begin PBXFileReference section */
		C36AE706222ACA6A000C701D /* libhts.a */ = {isa = PBXFileReference; lastKnownFileType = archive.ar; name = libhts.a; path = ../../../../usr/local/Cellar/htslib/1.9/lib/libhts.a; sourceTree = "<group>"; };
		C36AE714222AE461000C701D /* Logger.cpp */ = {isa = PBXFileReference; fileEncoding = 4; lastKnownFileType = sourcecode.cpp.cpp; path = Logger.cpp; sourceTree = "<group>"; };
		C36AE715222AE461000C701D /* main.cpp */ = {isa = PBXFileReference; fileEncoding = 4; lastKnownFileType = sourcecode.cpp.cpp; path = main.cpp; sourceTree = "<group>"; };
		C36AE716222AE461000C701D /* FastaGenerator.cpp */ = {isa = PBXFileReference; fileEncoding = 4; lastKnownFileType = sourcecode.cpp.cpp; path = FastaGenerator.cpp; sourceTree = "<group>"; };
		C36AE717222AE461000C701D /* Logger.h */ = {isa = PBXFileReference; fileEncoding = 4; lastKnownFileType = sourcecode.c.h; path = Logger.h; sourceTree = "<group>"; };
		C36AE718222AE461000C701D /* FastaGenerator.h */ = {isa = PBXFileReference; fileEncoding = 4; lastKnownFileType = sourcecode.c.h; path = FastaGenerator.h; sourceTree = "<group>"; };
		C36AE71E222AF0F8000C701D /* Common.h */ = {isa = PBXFileReference; lastKnownFileType = sourcecode.c.h; path = Common.h; sourceTree = "<group>"; };
		C36AE71F222AF177000C701D /* Common.cpp */ = {isa = PBXFileReference; lastKnownFileType = sourcecode.cpp.cpp; path = Common.cpp; sourceTree = "<group>"; };
		C39F8AE6222C020500AD0CA2 /* GCCorrection.h */ = {isa = PBXFileReference; fileEncoding = 4; lastKnownFileType = sourcecode.c.h; path = GCCorrection.h; sourceTree = "<group>"; };
		C39F8AE7222C020D00AD0CA2 /* GCCorrection.cpp */ = {isa = PBXFileReference; fileEncoding = 4; lastKnownFileType = sourcecode.cpp.cpp; path = GCCorrection.cpp; sourceTree = "<group>"; };
		C3C408DF222BFADA003B42F3 /* polyfit.hpp */ = {isa = PBXFileReference; fileEncoding = 4; lastKnownFileType = sourcecode.cpp.h; path = polyfit.hpp; sourceTree = "<group>"; };
		C3FD6300211CD7770000228F /* test */ = {isa = PBXFileReference; explicitFileType = "compiled.mach-o.executable"; includeInIndex = 0; path = test; sourceTree = BUILT_PRODUCTS_DIR; };
/* End PBXFileReference section */

/* Begin PBXFrameworksBuildPhase section */
		C3FD62FD211CD7760000228F /* Frameworks */ = {
			isa = PBXFrameworksBuildPhase;
			buildActionMask = 2147483647;
			files = (
				C36AE707222ACA6A000C701D /* libhts.a in Frameworks */,
			);
			runOnlyForDeploymentPostprocessing = 0;
		};
/* End PBXFrameworksBuildPhase section */

/* Begin PBXGroup section */
		C36AE71C222AE46A000C701D /* Src */ = {
			isa = PBXGroup;
			children = (
				C39F8AE7222C020D00AD0CA2 /* GCCorrection.cpp */,
				C36AE715222AE461000C701D /* main.cpp */,
				C36AE714222AE461000C701D /* Logger.cpp */,
				C36AE716222AE461000C701D /* FastaGenerator.cpp */,
				C36AE71F222AF177000C701D /* Common.cpp */,
			);
			path = Src;
			sourceTree = "<group>";
		};
		C36AE71D222AE6D9000C701D /* H */ = {
			isa = PBXGroup;
			children = (
				C39F8AE6222C020500AD0CA2 /* GCCorrection.h */,
				C3C408DF222BFADA003B42F3 /* polyfit.hpp */,
				C36AE718222AE461000C701D /* FastaGenerator.h */,
				C36AE717222AE461000C701D /* Logger.h */,
				C36AE71E222AF0F8000C701D /* Common.h */,
			);
			path = H;
			sourceTree = "<group>";
		};
		C3FB02E22139E80B008DE4F5 /* Frameworks */ = {
			isa = PBXGroup;
			children = (
				C36AE706222ACA6A000C701D /* libhts.a */,
			);
			name = Frameworks;
			sourceTree = "<group>";
		};
		C3FD62F7211CD7760000228F = {
			isa = PBXGroup;
			children = (
				C3FD6302211CD7770000228F /* test */,
				C3FD6301211CD7770000228F /* Products */,
				C3FB02E22139E80B008DE4F5 /* Frameworks */,
			);
			sourceTree = "<group>";
		};
		C3FD6301211CD7770000228F /* Products */ = {
			isa = PBXGroup;
			children = (
				C3FD6300211CD7770000228F /* test */,
			);
			name = Products;
			sourceTree = "<group>";
		};
		C3FD6302211CD7770000228F /* test */ = {
			isa = PBXGroup;
			children = (
				C36AE71D222AE6D9000C701D /* H */,
				C36AE71C222AE46A000C701D /* Src */,
			);
			path = test;
			sourceTree = "<group>";
		};
/* End PBXGroup section */

/* Begin PBXNativeTarget section */
		C3FD62FF211CD7760000228F /* test */ = {
			isa = PBXNativeTarget;
			buildConfigurationList = C3FD6307211CD7770000228F /* Build configuration list for PBXNativeTarget "test" */;
			buildPhases = (
				C3FD62FC211CD7760000228F /* Sources */,
				C3FD62FD211CD7760000228F /* Frameworks */,
				C3FD62FE211CD7760000228F /* Copy Files */,
			);
			buildRules = (
			);
			dependencies = (
			);
			name = test;
			productName = test;
			productReference = C3FD6300211CD7770000228F /* test */;
			productType = "com.apple.product-type.tool";
		};
/* End PBXNativeTarget section */

/* Begin PBXProject section */
		C3FD62F8211CD7760000228F /* Project object */ = {
			isa = PBXProject;
			attributes = {
				LastUpgradeCheck = 0940;
				ORGANIZATIONNAME = emre;
				TargetAttributes = {
					C3FD62FF211CD7760000228F = {
						CreatedOnToolsVersion = 9.4.1;
					};
				};
			};
			buildConfigurationList = C3FD62FB211CD7760000228F /* Build configuration list for PBXProject "test" */;
			compatibilityVersion = "Xcode 9.3";
			developmentRegion = en;
			hasScannedForEncodings = 0;
			knownRegions = (
				en,
			);
			mainGroup = C3FD62F7211CD7760000228F;
			productRefGroup = C3FD6301211CD7770000228F /* Products */;
			projectDirPath = "";
			projectRoot = "";
			targets = (
				C3FD62FF211CD7760000228F /* test */,
			);
		};
/* End PBXProject section */

/* Begin PBXSourcesBuildPhase section */
		C3FD62FC211CD7760000228F /* Sources */ = {
			isa = PBXSourcesBuildPhase;
			buildActionMask = 2147483647;
			files = (
				C36AE721222AF177000C701D /* Common.cpp in Sources */,
				C36AE71A222AE461000C701D /* main.cpp in Sources */,
				C36AE71B222AE461000C701D /* FastaGenerator.cpp in Sources */,
				C36AE719222AE461000C701D /* Logger.cpp in Sources */,
				C39F8AE8222C020D00AD0CA2 /* GCCorrection.cpp in Sources */,
			);
			runOnlyForDeploymentPostprocessing = 0;
		};
/* End PBXSourcesBuildPhase section */

/* Begin XCBuildConfiguration section */
		C3FD6305211CD7770000228F /* Debug */ = {
			isa = XCBuildConfiguration;
			buildSettings = {
				ALWAYS_SEARCH_USER_PATHS = NO;
				CLANG_ANALYZER_NONNULL = YES;
				CLANG_ANALYZER_NUMBER_OBJECT_CONVERSION = YES_AGGRESSIVE;
				CLANG_CXX_LANGUAGE_STANDARD = "gnu++14";
				CLANG_CXX_LIBRARY = "libc++";
				CLANG_ENABLE_MODULES = YES;
				CLANG_ENABLE_OBJC_ARC = YES;
				CLANG_ENABLE_OBJC_WEAK = YES;
				CLANG_WARN_BLOCK_CAPTURE_AUTORELEASING = YES;
				CLANG_WARN_BOOL_CONVERSION = YES;
				CLANG_WARN_COMMA = YES;
				CLANG_WARN_CONSTANT_CONVERSION = YES;
				CLANG_WARN_DEPRECATED_OBJC_IMPLEMENTATIONS = YES;
				CLANG_WARN_DIRECT_OBJC_ISA_USAGE = YES_ERROR;
				CLANG_WARN_DOCUMENTATION_COMMENTS = YES;
				CLANG_WARN_EMPTY_BODY = YES;
				CLANG_WARN_ENUM_CONVERSION = YES;
				CLANG_WARN_INFINITE_RECURSION = YES;
				CLANG_WARN_INT_CONVERSION = YES;
				CLANG_WARN_NON_LITERAL_NULL_CONVERSION = YES;
				CLANG_WARN_OBJC_IMPLICIT_RETAIN_SELF = YES;
				CLANG_WARN_OBJC_LITERAL_CONVERSION = YES;
				CLANG_WARN_OBJC_ROOT_CLASS = YES_ERROR;
				CLANG_WARN_RANGE_LOOP_ANALYSIS = YES;
				CLANG_WARN_STRICT_PROTOTYPES = YES;
				CLANG_WARN_SUSPICIOUS_MOVE = YES;
				CLANG_WARN_UNGUARDED_AVAILABILITY = YES_AGGRESSIVE;
				CLANG_WARN_UNREACHABLE_CODE = YES;
				CLANG_WARN__DUPLICATE_METHOD_MATCH = YES;
				CODE_SIGN_IDENTITY = "-";
				COPY_PHASE_STRIP = NO;
				DEBUG_INFORMATION_FORMAT = dwarf;
				ENABLE_STRICT_OBJC_MSGSEND = YES;
				ENABLE_TESTABILITY = YES;
				GCC_C_LANGUAGE_STANDARD = gnu11;
				GCC_DYNAMIC_NO_PIC = NO;
				GCC_NO_COMMON_BLOCKS = YES;
				GCC_OPTIMIZATION_LEVEL = 0;
				GCC_PREPROCESSOR_DEFINITIONS = (
					"DEBUG=1",
					"$(inherited)",
				);
				GCC_WARN_64_TO_32_BIT_CONVERSION = YES;
				GCC_WARN_ABOUT_RETURN_TYPE = YES_ERROR;
				GCC_WARN_UNDECLARED_SELECTOR = YES;
				GCC_WARN_UNINITIALIZED_AUTOS = YES_AGGRESSIVE;
				GCC_WARN_UNUSED_FUNCTION = YES;
				GCC_WARN_UNUSED_VARIABLE = YES;
				MACOSX_DEPLOYMENT_TARGET = 10.13;
				MTL_ENABLE_DEBUG_INFO = YES;
				ONLY_ACTIVE_ARCH = YES;
				SDKROOT = macosx;
			};
			name = Debug;
		};
		C3FD6306211CD7770000228F /* Release */ = {
			isa = XCBuildConfiguration;
			buildSettings = {
				ALWAYS_SEARCH_USER_PATHS = NO;
				CLANG_ANALYZER_NONNULL = YES;
				CLANG_ANALYZER_NUMBER_OBJECT_CONVERSION = YES_AGGRESSIVE;
				CLANG_CXX_LANGUAGE_STANDARD = "gnu++14";
				CLANG_CXX_LIBRARY = "libc++";
				CLANG_ENABLE_MODULES = YES;
				CLANG_ENABLE_OBJC_ARC = YES;
				CLANG_ENABLE_OBJC_WEAK = YES;
				CLANG_WARN_BLOCK_CAPTURE_AUTORELEASING = YES;
				CLANG_WARN_BOOL_CONVERSION = YES;
				CLANG_WARN_COMMA = YES;
				CLANG_WARN_CONSTANT_CONVERSION = YES;
				CLANG_WARN_DEPRECATED_OBJC_IMPLEMENTATIONS = YES;
				CLANG_WARN_DIRECT_OBJC_ISA_USAGE = YES_ERROR;
				CLANG_WARN_DOCUMENTATION_COMMENTS = YES;
				CLANG_WARN_EMPTY_BODY = YES;
				CLANG_WARN_ENUM_CONVERSION = YES;
				CLANG_WARN_INFINITE_RECURSION = YES;
				CLANG_WARN_INT_CONVERSION = YES;
				CLANG_WARN_NON_LITERAL_NULL_CONVERSION = YES;
				CLANG_WARN_OBJC_IMPLICIT_RETAIN_SELF = YES;
				CLANG_WARN_OBJC_LITERAL_CONVERSION = YES;
				CLANG_WARN_OBJC_ROOT_CLASS = YES_ERROR;
				CLANG_WARN_RANGE_LOOP_ANALYSIS = YES;
				CLANG_WARN_STRICT_PROTOTYPES = YES;
				CLANG_WARN_SUSPICIOUS_MOVE = YES;
				CLANG_WARN_UNGUARDED_AVAILABILITY = YES_AGGRESSIVE;
				CLANG_WARN_UNREACHABLE_CODE = YES;
				CLANG_WARN__DUPLICATE_METHOD_MATCH = YES;
				CODE_SIGN_IDENTITY = "-";
				COPY_PHASE_STRIP = NO;
				DEBUG_INFORMATION_FORMAT = "dwarf-with-dsym";
				ENABLE_NS_ASSERTIONS = NO;
				ENABLE_STRICT_OBJC_MSGSEND = YES;
				GCC_C_LANGUAGE_STANDARD = gnu11;
				GCC_NO_COMMON_BLOCKS = YES;
				GCC_WARN_64_TO_32_BIT_CONVERSION = YES;
				GCC_WARN_ABOUT_RETURN_TYPE = YES_ERROR;
				GCC_WARN_UNDECLARED_SELECTOR = YES;
				GCC_WARN_UNINITIALIZED_AUTOS = YES_AGGRESSIVE;
				GCC_WARN_UNUSED_FUNCTION = YES;
				GCC_WARN_UNUSED_VARIABLE = YES;
				MACOSX_DEPLOYMENT_TARGET = 10.13;
				MTL_ENABLE_DEBUG_INFO = NO;
				SDKROOT = macosx;
			};
			name = Release;
		};
		C3FD6308211CD7770000228F /* Debug */ = {
			isa = XCBuildConfiguration;
			buildSettings = {
				ALWAYS_SEARCH_USER_PATHS = NO;
				CLANG_CXX_LIBRARY = "compiler-default";
				CODE_SIGN_STYLE = Automatic;
				GCC_VERSION = "";
				HEADER_SEARCH_PATHS = (
					/usr/local/Cellar/boost/1.71.0/include,
					/usr/local/Cellar/htslib/1.9/include,
				);
				LIBRARY_SEARCH_PATHS = (
					"$(inherited)",
					"$(PROJECT_DIR)/lib",
					/usr/local/Cellar/htslib/1.9/lib,
					/usr/local/Cellar/boost/1.71.0/lib,
				);
				OTHER_LDFLAGS = (
					"/usr/local/Cellar/boost/1.71.0/lib/libboost_log_setup-mt.a",
					"/usr/local/Cellar/boost/1.71.0/lib/libboost_log-mt.a",
					"/usr/local/Cellar/boost/1.71.0/lib/libboost_filesystem-mt.a",
					/usr/local/Cellar/boost/1.71.0/lib/libboost_system.a,
					"/usr/local/Cellar/boost/1.71.0/lib/libboost_thread-mt.a",
				);
				PRODUCT_NAME = "$(TARGET_NAME)";
				VALID_ARCHS = "x86_64 i386";
			};
			name = Debug;
		};
		C3FD6309211CD7770000228F /* Release */ = {
			isa = XCBuildConfiguration;
			buildSettings = {
				ALWAYS_SEARCH_USER_PATHS = NO;
				CLANG_CXX_LIBRARY = "compiler-default";
				CODE_SIGN_STYLE = Automatic;
				GCC_VERSION = "";
				HEADER_SEARCH_PATHS = (
					/usr/local/Cellar/boost/1.71.0/include,
					/usr/local/Cellar/htslib/1.9/include,
				);
				LIBRARY_SEARCH_PATHS = (
					"$(inherited)",
					"$(PROJECT_DIR)/lib",
					/usr/local/Cellar/htslib/1.9/lib,
					/usr/local/Cellar/boost/1.71.0/lib,
				);
				OTHER_LDFLAGS = (
					"/usr/local/Cellar/boost/1.71.0/lib/libboost_log_setup-mt.a",
					"/usr/local/Cellar/boost/1.71.0/lib/libboost_log-mt.a",
					"/usr/local/Cellar/boost/1.71.0/lib/libboost_filesystem-mt.a",
					/usr/local/Cellar/boost/1.71.0/lib/libboost_system.a,
					"/usr/local/Cellar/boost/1.71.0/lib/libboost_thread-mt.a",
				);
				PRODUCT_NAME = "$(TARGET_NAME)";
				VALID_ARCHS = "x86_64 i386";
			};
			name = Release;
		};
/* End XCBuildConfiguration section */

/* Begin XCConfigurationList section */
		C3FD62FB211CD7760000228F /* Build configuration list for PBXProject "test" */ = {
			isa = XCConfigurationList;
			buildConfigurations = (
				C3FD6305211CD7770000228F /* Debug */,
				C3FD6306211CD7770000228F /* Release */,
			);
			defaultConfigurationIsVisible = 0;
			defaultConfigurationName = Release;
		};
		C3FD6307211CD7770000228F /* Build configuration list for PBXNativeTarget "test" */ = {
			isa = XCConfigurationList;
			buildConfigurations = (
				C3FD6308211CD7770000228F /* Debug */,
				C3FD6309211CD7770000228F /* Release */,
			);
			defaultConfigurationIsVisible = 0;
			defaultConfigurationName = Release;
		};
/* End XCConfigurationList section */
	};
	rootObject = C3FD62F8211CD7760000228F /* Project object */;
}
